<Solution>
  <Project Path="benchmarks/Chrono.TimeSeries.Benchmark/Chrono.TimeSeries.Benchmark.csproj" />
  <Project Path="tests/Chrono.Testing.Test/Chrono.Testing.Test.csproj" />
  <Project Path="tests/Chrono.TimeSeries.Test/Chrono.TimeSeries.Test.csproj" />
  <Project Path="src/Chrono.Testing/Chrono.Testing.csproj" />
  <Project Path="src/Chrono.TimeSeries/Chrono.TimeSeries.csproj" />
</Solution>
